
Microsoft Visual Studio Solution File, Format Version 12.00
# Visual Studio Version 17
VisualStudioVersion = 17.7.34031.279
MinimumVisualStudioVersion = 10.0.40219.1
Project("{FAE04EC0-301F-11D3-BF4B-00C04F79EFBC}") = "Multithreading", "Multithreading\Multithreading.csproj", "{5FEF105E-1EA6-475F-ABF1-DCD4551AAF4F}"
EndProject
Global
	GlobalSection(SolutionConfigurationPlatforms) = preSolution
		Debug|Any CPU = Debug|Any CPU
		Release|Any CPU = Release|Any CPU
	EndGlobalSection
	GlobalSection(ProjectConfigurationPlatforms) = postSolution
		{5FEF105E-1EA6-475F-ABF1-DCD4551AAF4F}.Debug|Any CPU.ActiveCfg = Debug|Any CPU
		{5FEF105E-1EA6-475F-ABF1-DCD4551AAF4F}.Debug|Any CPU.Build.0 = Debug|Any CPU
		{5FEF105E-1EA6-475F-ABF1-DCD4551AAF4F}.Release|Any CPU.ActiveCfg = Release|Any CPU
		{5FEF105E-1EA6-475F-ABF1-DCD4551AAF4F}.Release|Any CPU.Build.0 = Release|Any CPU
	EndGlobalSection
	GlobalSection(SolutionProperties) = preSolution
		HideSolutionNode = FALSE
	EndGlobalSection
	GlobalSection(ExtensibilityGlobals) = postSolution
		SolutionGuid = {14B8CB3F-B2D9-47CC-ADB9-BC10DFAA620F}
	EndGlobalSection
EndGlobal
