
Microsoft Visual Studio Solution File, Format Version 12.00
# Visual Studio Version 17
VisualStudioVersion = 17.7.34221.43
MinimumVisualStudioVersion = 10.0.40219.1
Project("{FAE04EC0-301F-11D3-BF4B-00C04F79EFBC}") = "Phase1Section3.12", "Phase1Section3.12\Phase1Section3.12.csproj", "{2CD6EE56-D0BB-4D7D-84C3-10437A457BE5}"
EndProject
Global
	GlobalSection(SolutionConfigurationPlatforms) = preSolution
		Debug|Any CPU = Debug|Any CPU
		Release|Any CPU = Release|Any CPU
	EndGlobalSection
	GlobalSection(ProjectConfigurationPlatforms) = postSolution
		{2CD6EE56-D0BB-4D7D-84C3-10437A457BE5}.Debug|Any CPU.ActiveCfg = Debug|Any CPU
		{2CD6EE56-D0BB-4D7D-84C3-10437A457BE5}.Debug|Any CPU.Build.0 = Debug|Any CPU
		{2CD6EE56-D0BB-4D7D-84C3-10437A457BE5}.Release|Any CPU.ActiveCfg = Release|Any CPU
		{2CD6EE56-D0BB-4D7D-84C3-10437A457BE5}.Release|Any CPU.Build.0 = Release|Any CPU
	EndGlobalSection
	GlobalSection(SolutionProperties) = preSolution
		HideSolutionNode = FALSE
	EndGlobalSection
	GlobalSection(ExtensibilityGlobals) = postSolution
		SolutionGuid = {13C21C31-6236-4F29-BD6F-A1FA2FF1A784}
	EndGlobalSection
EndGlobal
