
Microsoft Visual Studio Solution File, Format Version 12.00
# Visual Studio Version 17
VisualStudioVersion = 17.7.34221.43
MinimumVisualStudioVersion = 10.0.40219.1
Project("{FAE04EC0-301F-11D3-BF4B-00C04F79EFBC}") = "Phase1Section4.23", "Phase1Section4.23\Phase1Section4.23.csproj", "{DBE32C6B-7801-4FCA-AC80-7D93384A32C6}"
EndProject
Global
	GlobalSection(SolutionConfigurationPlatforms) = preSolution
		Debug|Any CPU = Debug|Any CPU
		Release|Any CPU = Release|Any CPU
	EndGlobalSection
	GlobalSection(ProjectConfigurationPlatforms) = postSolution
		{DBE32C6B-7801-4FCA-AC80-7D93384A32C6}.Debug|Any CPU.ActiveCfg = Debug|Any CPU
		{DBE32C6B-7801-4FCA-AC80-7D93384A32C6}.Debug|Any CPU.Build.0 = Debug|Any CPU
		{DBE32C6B-7801-4FCA-AC80-7D93384A32C6}.Release|Any CPU.ActiveCfg = Release|Any CPU
		{DBE32C6B-7801-4FCA-AC80-7D93384A32C6}.Release|Any CPU.Build.0 = Release|Any CPU
	EndGlobalSection
	GlobalSection(SolutionProperties) = preSolution
		HideSolutionNode = FALSE
	EndGlobalSection
	GlobalSection(ExtensibilityGlobals) = postSolution
		SolutionGuid = {679F7F45-81F5-435F-BBA7-ABD50F3AEE9F}
	EndGlobalSection
EndGlobal
