
Microsoft Visual Studio Solution File, Format Version 12.00
# Visual Studio Version 17
VisualStudioVersion = 17.7.34221.43
MinimumVisualStudioVersion = 10.0.40219.1
Project("{FAE04EC0-301F-11D3-BF4B-00C04F79EFBC}") = "Phase1Section4.25", "Phase1Section4.25\Phase1Section4.25.csproj", "{EC82F831-2DA4-4961-A289-7E777F6DAE11}"
EndProject
Global
	GlobalSection(SolutionConfigurationPlatforms) = preSolution
		Debug|Any CPU = Debug|Any CPU
		Release|Any CPU = Release|Any CPU
	EndGlobalSection
	GlobalSection(ProjectConfigurationPlatforms) = postSolution
		{EC82F831-2DA4-4961-A289-7E777F6DAE11}.Debug|Any CPU.ActiveCfg = Debug|Any CPU
		{EC82F831-2DA4-4961-A289-7E777F6DAE11}.Debug|Any CPU.Build.0 = Debug|Any CPU
		{EC82F831-2DA4-4961-A289-7E777F6DAE11}.Release|Any CPU.ActiveCfg = Release|Any CPU
		{EC82F831-2DA4-4961-A289-7E777F6DAE11}.Release|Any CPU.Build.0 = Release|Any CPU
	EndGlobalSection
	GlobalSection(SolutionProperties) = preSolution
		HideSolutionNode = FALSE
	EndGlobalSection
	GlobalSection(ExtensibilityGlobals) = postSolution
		SolutionGuid = {8D1EEB28-5F62-4BBC-B31B-81C0EA0FE8C5}
	EndGlobalSection
EndGlobal
