
Microsoft Visual Studio Solution File, Format Version 12.00
# Visual Studio Version 17
VisualStudioVersion = 17.7.34031.279
MinimumVisualStudioVersion = 10.0.40219.1
Project("{FAE04EC0-301F-11D3-BF4B-00C04F79EFBC}") = "StudentdataApp", "StudentdataApp\StudentdataApp.csproj", "{4DA8344A-E8F8-481F-AD80-B499A85C0AD2}"
EndProject
Project("{2150E333-8FDC-42A3-9474-1A3956D46DE8}") = "Solution Items", "Solution Items", "{42AF1B67-9142-4C5F-84E4-D5ADFE79BBE5}"
	ProjectSection(SolutionItems) = preProject
		..\..\..\..\OneDrive\Desktop\.Net class Assignments\student_data.txt = ..\..\..\..\OneDrive\Desktop\.Net class Assignments\student_data.txt
	EndProjectSection
EndProject
Global
	GlobalSection(SolutionConfigurationPlatforms) = preSolution
		Debug|Any CPU = Debug|Any CPU
		Release|Any CPU = Release|Any CPU
	EndGlobalSection
	GlobalSection(ProjectConfigurationPlatforms) = postSolution
		{4DA8344A-E8F8-481F-AD80-B499A85C0AD2}.Debug|Any CPU.ActiveCfg = Debug|Any CPU
		{4DA8344A-E8F8-481F-AD80-B499A85C0AD2}.Debug|Any CPU.Build.0 = Debug|Any CPU
		{4DA8344A-E8F8-481F-AD80-B499A85C0AD2}.Release|Any CPU.ActiveCfg = Release|Any CPU
		{4DA8344A-E8F8-481F-AD80-B499A85C0AD2}.Release|Any CPU.Build.0 = Release|Any CPU
	EndGlobalSection
	GlobalSection(SolutionProperties) = preSolution
		HideSolutionNode = FALSE
	EndGlobalSection
	GlobalSection(ExtensibilityGlobals) = postSolution
		SolutionGuid = {97996B0C-BC6A-44EF-9C1C-9C23E66E862C}
	EndGlobalSection
EndGlobal
