
Microsoft Visual Studio Solution File, Format Version 12.00
# Visual Studio Version 17
VisualStudioVersion = 17.7.34031.279
MinimumVisualStudioVersion = 10.0.40219.1
Project("{FAE04EC0-301F-11D3-BF4B-00C04F79EFBC}") = "windowsformappdemo", "windowsformappdemo\windowsformappdemo.csproj", "{BC01ED97-7A0E-44DC-BA16-0E9EFB50FF9A}"
EndProject
Global
	GlobalSection(SolutionConfigurationPlatforms) = preSolution
		Debug|Any CPU = Debug|Any CPU
		Release|Any CPU = Release|Any CPU
	EndGlobalSection
	GlobalSection(ProjectConfigurationPlatforms) = postSolution
		{BC01ED97-7A0E-44DC-BA16-0E9EFB50FF9A}.Debug|Any CPU.ActiveCfg = Debug|Any CPU
		{BC01ED97-7A0E-44DC-BA16-0E9EFB50FF9A}.Debug|Any CPU.Build.0 = Debug|Any CPU
		{BC01ED97-7A0E-44DC-BA16-0E9EFB50FF9A}.Release|Any CPU.ActiveCfg = Release|Any CPU
		{BC01ED97-7A0E-44DC-BA16-0E9EFB50FF9A}.Release|Any CPU.Build.0 = Release|Any CPU
	EndGlobalSection
	GlobalSection(SolutionProperties) = preSolution
		HideSolutionNode = FALSE
	EndGlobalSection
	GlobalSection(ExtensibilityGlobals) = postSolution
		SolutionGuid = {06940CF4-5FDB-43BA-AC4D-95A3E87B6FA5}
	EndGlobalSection
EndGlobal
