
Microsoft Visual Studio Solution File, Format Version 12.00
# Visual Studio Version 17
VisualStudioVersion = 17.7.34221.43
MinimumVisualStudioVersion = 10.0.40219.1
Project("{FAE04EC0-301F-11D3-BF4B-00C04F79EFBC}") = "Phase1Section4.11", "Phase1Section4.11\Phase1Section4.11.csproj", "{1D17E008-2191-4EA7-ADA9-35BFFFA51D01}"
EndProject
Global
	GlobalSection(SolutionConfigurationPlatforms) = preSolution
		Debug|Any CPU = Debug|Any CPU
		Release|Any CPU = Release|Any CPU
	EndGlobalSection
	GlobalSection(ProjectConfigurationPlatforms) = postSolution
		{1D17E008-2191-4EA7-ADA9-35BFFFA51D01}.Debug|Any CPU.ActiveCfg = Debug|Any CPU
		{1D17E008-2191-4EA7-ADA9-35BFFFA51D01}.Debug|Any CPU.Build.0 = Debug|Any CPU
		{1D17E008-2191-4EA7-ADA9-35BFFFA51D01}.Release|Any CPU.ActiveCfg = Release|Any CPU
		{1D17E008-2191-4EA7-ADA9-35BFFFA51D01}.Release|Any CPU.Build.0 = Release|Any CPU
	EndGlobalSection
	GlobalSection(SolutionProperties) = preSolution
		HideSolutionNode = FALSE
	EndGlobalSection
	GlobalSection(ExtensibilityGlobals) = postSolution
		SolutionGuid = {EA6FEEE2-1A26-4BE3-AFF2-098DD9800B91}
	EndGlobalSection
EndGlobal
