
Microsoft Visual Studio Solution File, Format Version 12.00
# Visual Studio Version 17
VisualStudioVersion = 17.7.34031.279
MinimumVisualStudioVersion = 10.0.40219.1
Project("{FAE04EC0-301F-11D3-BF4B-00C04F79EFBC}") = "StruturalProduct", "StruturalProduct\StruturalProduct.csproj", "{5169FB91-D4D7-4CA1-96A1-2EB2AACA6650}"
EndProject
Global
	GlobalSection(SolutionConfigurationPlatforms) = preSolution
		Debug|Any CPU = Debug|Any CPU
		Release|Any CPU = Release|Any CPU
	EndGlobalSection
	GlobalSection(ProjectConfigurationPlatforms) = postSolution
		{5169FB91-D4D7-4CA1-96A1-2EB2AACA6650}.Debug|Any CPU.ActiveCfg = Debug|Any CPU
		{5169FB91-D4D7-4CA1-96A1-2EB2AACA6650}.Debug|Any CPU.Build.0 = Debug|Any CPU
		{5169FB91-D4D7-4CA1-96A1-2EB2AACA6650}.Release|Any CPU.ActiveCfg = Release|Any CPU
		{5169FB91-D4D7-4CA1-96A1-2EB2AACA6650}.Release|Any CPU.Build.0 = Release|Any CPU
	EndGlobalSection
	GlobalSection(SolutionProperties) = preSolution
		HideSolutionNode = FALSE
	EndGlobalSection
	GlobalSection(ExtensibilityGlobals) = postSolution
		SolutionGuid = {BECFCF65-DBF8-4B90-807A-4A3A1255BDA3}
	EndGlobalSection
EndGlobal
