
Microsoft Visual Studio Solution File, Format Version 12.00
# Visual Studio Version 17
VisualStudioVersion = 17.7.34031.279
MinimumVisualStudioVersion = 10.0.40219.1
Project("{FAE04EC0-301F-11D3-BF4B-00C04F79EFBC}") = "Practiceproject", "Practiceproject\Practiceproject.csproj", "{D9920066-DCC0-4599-A7B6-EC1AEECA224F}"
EndProject
Global
	GlobalSection(SolutionConfigurationPlatforms) = preSolution
		Debug|Any CPU = Debug|Any CPU
		Release|Any CPU = Release|Any CPU
	EndGlobalSection
	GlobalSection(ProjectConfigurationPlatforms) = postSolution
		{D9920066-DCC0-4599-A7B6-EC1AEECA224F}.Debug|Any CPU.ActiveCfg = Debug|Any CPU
		{D9920066-DCC0-4599-A7B6-EC1AEECA224F}.Debug|Any CPU.Build.0 = Debug|Any CPU
		{D9920066-DCC0-4599-A7B6-EC1AEECA224F}.Release|Any CPU.ActiveCfg = Release|Any CPU
		{D9920066-DCC0-4599-A7B6-EC1AEECA224F}.Release|Any CPU.Build.0 = Release|Any CPU
	EndGlobalSection
	GlobalSection(SolutionProperties) = preSolution
		HideSolutionNode = FALSE
	EndGlobalSection
	GlobalSection(ExtensibilityGlobals) = postSolution
		SolutionGuid = {A5F52241-DC68-4DCF-93D2-AAF79EC3CF7C}
	EndGlobalSection
EndGlobal
